
Microsoft Visual Studio Solution File, Format Version 12.00
# Visual Studio 15
VisualStudioVersion = 15.0.27703.2042
MinimumVisualStudioVersion = 10.0.40219.1
Project("{FAE04EC0-301F-11D3-BF4B-00C04F79EFBC}") = "cocktailapp.Android", "cocktailapp\cocktailapp.Android\cocktailapp.Android.csproj", "{F30EE305-A114-47B9-BBC3-70B35A662B2D}"
	ProjectSection(ProjectDependencies) = postProject
		{3F88A50E-5942-4798-8C3F-5B253753766B} = {3F88A50E-5942-4798-8C3F-5B253753766B}
		{CDF5BD57-1768-4C4A-8D61-7A8FDC21C873} = {CDF5BD57-1768-4C4A-8D61-7A8FDC21C873}
	EndProjectSection
EndProject
Project("{FAE04EC0-301F-11D3-BF4B-00C04F79EFBC}") = "cocktailapp.iOS", "cocktailapp\cocktailapp.iOS\cocktailapp.iOS.csproj", "{CDF5BD57-1768-4C4A-8D61-7A8FDC21C873}"
EndProject
Project("{FAE04EC0-301F-11D3-BF4B-00C04F79EFBC}") = "cocktailapp.UWP", "cocktailapp\cocktailapp.UWP\cocktailapp.UWP.csproj", "{3F88A50E-5942-4798-8C3F-5B253753766B}"
EndProject
Project("{9A19103F-16F7-4668-BE54-9A1E7A4F7556}") = "cocktailapp", "cocktailapp\cocktailapp\cocktailapp.csproj", "{10E075AA-1D1C-454E-B2E1-839F21CC859A}"
EndProject
Global
	GlobalSection(SolutionConfigurationPlatforms) = preSolution
		Debug|Any CPU = Debug|Any CPU
		Debug|ARM = Debug|ARM
		Debug|iPhone = Debug|iPhone
		Debug|iPhoneSimulator = Debug|iPhoneSimulator
		Debug|x64 = Debug|x64
		Debug|x86 = Debug|x86
		Release|Any CPU = Release|Any CPU
		Release|ARM = Release|ARM
		Release|iPhone = Release|iPhone
		Release|iPhoneSimulator = Release|iPhoneSimulator
		Release|x64 = Release|x64
		Release|x86 = Release|x86
	EndGlobalSection
	GlobalSection(ProjectConfigurationPlatforms) = postSolution
		{F30EE305-A114-47B9-BBC3-70B35A662B2D}.Debug|Any CPU.ActiveCfg = Debug|Any CPU
		{F30EE305-A114-47B9-BBC3-70B35A662B2D}.Debug|Any CPU.Build.0 = Debug|Any CPU
		{F30EE305-A114-47B9-BBC3-70B35A662B2D}.Debug|Any CPU.Deploy.0 = Debug|Any CPU
		{F30EE305-A114-47B9-BBC3-70B35A662B2D}.Debug|ARM.ActiveCfg = Debug|Any CPU
		{F30EE305-A114-47B9-BBC3-70B35A662B2D}.Debug|ARM.Build.0 = Debug|Any CPU
		{F30EE305-A114-47B9-BBC3-70B35A662B2D}.Debug|ARM.Deploy.0 = Debug|Any CPU
		{F30EE305-A114-47B9-BBC3-70B35A662B2D}.Debug|iPhone.ActiveCfg = Debug|Any CPU
		{F30EE305-A114-47B9-BBC3-70B35A662B2D}.Debug|iPhone.Build.0 = Debug|Any CPU
		{F30EE305-A114-47B9-BBC3-70B35A662B2D}.Debug|iPhone.Deploy.0 = Debug|Any CPU
		{F30EE305-A114-47B9-BBC3-70B35A662B2D}.Debug|iPhoneSimulator.ActiveCfg = Debug|Any CPU
		{F30EE305-A114-47B9-BBC3-70B35A662B2D}.Debug|iPhoneSimulator.Build.0 = Debug|Any CPU
		{F30EE305-A114-47B9-BBC3-70B35A662B2D}.Debug|iPhoneSimulator.Deploy.0 = Debug|Any CPU
		{F30EE305-A114-47B9-BBC3-70B35A662B2D}.Debug|x64.ActiveCfg = Debug|Any CPU
		{F30EE305-A114-47B9-BBC3-70B35A662B2D}.Debug|x64.Build.0 = Debug|Any CPU
		{F30EE305-A114-47B9-BBC3-70B35A662B2D}.Debug|x64.Deploy.0 = Debug|Any CPU
		{F30EE305-A114-47B9-BBC3-70B35A662B2D}.Debug|x86.ActiveCfg = Debug|Any CPU
		{F30EE305-A114-47B9-BBC3-70B35A662B2D}.Debug|x86.Build.0 = Debug|Any CPU
		{F30EE305-A114-47B9-BBC3-70B35A662B2D}.Debug|x86.Deploy.0 = Debug|Any CPU
		{F30EE305-A114-47B9-BBC3-70B35A662B2D}.Release|Any CPU.ActiveCfg = Release|Any CPU
		{F30EE305-A114-47B9-BBC3-70B35A662B2D}.Release|Any CPU.Build.0 = Release|Any CPU
		{F30EE305-A114-47B9-BBC3-70B35A662B2D}.Release|Any CPU.Deploy.0 = Release|Any CPU
		{F30EE305-A114-47B9-BBC3-70B35A662B2D}.Release|ARM.ActiveCfg = Release|Any CPU
		{F30EE305-A114-47B9-BBC3-70B35A662B2D}.Release|ARM.Build.0 = Release|Any CPU
		{F30EE305-A114-47B9-BBC3-70B35A662B2D}.Release|ARM.Deploy.0 = Release|Any CPU
		{F30EE305-A114-47B9-BBC3-70B35A662B2D}.Release|iPhone.ActiveCfg = Release|Any CPU
		{F30EE305-A114-47B9-BBC3-70B35A662B2D}.Release|iPhone.Build.0 = Release|Any CPU
		{F30EE305-A114-47B9-BBC3-70B35A662B2D}.Release|iPhone.Deploy.0 = Release|Any CPU
		{F30EE305-A114-47B9-BBC3-70B35A662B2D}.Release|iPhoneSimulator.ActiveCfg = Release|Any CPU
		{F30EE305-A114-47B9-BBC3-70B35A662B2D}.Release|iPhoneSimulator.Build.0 = Release|Any CPU
		{F30EE305-A114-47B9-BBC3-70B35A662B2D}.Release|iPhoneSimulator.Deploy.0 = Release|Any CPU
		{F30EE305-A114-47B9-BBC3-70B35A662B2D}.Release|x64.ActiveCfg = Release|Any CPU
		{F30EE305-A114-47B9-BBC3-70B35A662B2D}.Release|x64.Build.0 = Release|Any CPU
		{F30EE305-A114-47B9-BBC3-70B35A662B2D}.Release|x64.Deploy.0 = Release|Any CPU
		{F30EE305-A114-47B9-BBC3-70B35A662B2D}.Release|x86.ActiveCfg = Release|Any CPU
		{F30EE305-A114-47B9-BBC3-70B35A662B2D}.Release|x86.Build.0 = Release|Any CPU
		{F30EE305-A114-47B9-BBC3-70B35A662B2D}.Release|x86.Deploy.0 = Release|Any CPU
		{CDF5BD57-1768-4C4A-8D61-7A8FDC21C873}.Debug|Any CPU.ActiveCfg = Debug|iPhoneSimulator
		{CDF5BD57-1768-4C4A-8D61-7A8FDC21C873}.Debug|Any CPU.Build.0 = Debug|iPhoneSimulator
		{CDF5BD57-1768-4C4A-8D61-7A8FDC21C873}.Debug|Any CPU.Deploy.0 = Debug|iPhoneSimulator
		{CDF5BD57-1768-4C4A-8D61-7A8FDC21C873}.Debug|ARM.ActiveCfg = Debug|iPhone
		{CDF5BD57-1768-4C4A-8D61-7A8FDC21C873}.Debug|ARM.Build.0 = Debug|iPhone
		{CDF5BD57-1768-4C4A-8D61-7A8FDC21C873}.Debug|ARM.Deploy.0 = Debug|iPhone
		{CDF5BD57-1768-4C4A-8D61-7A8FDC21C873}.Debug|iPhone.ActiveCfg = Debug|iPhone
		{CDF5BD57-1768-4C4A-8D61-7A8FDC21C873}.Debug|iPhone.Build.0 = Debug|iPhone
		{CDF5BD57-1768-4C4A-8D61-7A8FDC21C873}.Debug|iPhone.Deploy.0 = Debug|iPhone
		{CDF5BD57-1768-4C4A-8D61-7A8FDC21C873}.Debug|iPhoneSimulator.ActiveCfg = Debug|iPhoneSimulator
		{CDF5BD57-1768-4C4A-8D61-7A8FDC21C873}.Debug|iPhoneSimulator.Build.0 = Debug|iPhoneSimulator
		{CDF5BD57-1768-4C4A-8D61-7A8FDC21C873}.Debug|iPhoneSimulator.Deploy.0 = Debug|iPhoneSimulator
		{CDF5BD57-1768-4C4A-8D61-7A8FDC21C873}.Debug|x64.ActiveCfg = Debug|iPhone
		{CDF5BD57-1768-4C4A-8D61-7A8FDC21C873}.Debug|x64.Build.0 = Debug|iPhone
		{CDF5BD57-1768-4C4A-8D61-7A8FDC21C873}.Debug|x64.Deploy.0 = Debug|iPhone
		{CDF5BD57-1768-4C4A-8D61-7A8FDC21C873}.Debug|x86.ActiveCfg = Debug|iPhone
		{CDF5BD57-1768-4C4A-8D61-7A8FDC21C873}.Debug|x86.Build.0 = Debug|iPhone
		{CDF5BD57-1768-4C4A-8D61-7A8FDC21C873}.Debug|x86.Deploy.0 = Debug|iPhone
		{CDF5BD57-1768-4C4A-8D61-7A8FDC21C873}.Release|Any CPU.ActiveCfg = Release|iPhone
		{CDF5BD57-1768-4C4A-8D61-7A8FDC21C873}.Release|Any CPU.Build.0 = Release|iPhone
		{CDF5BD57-1768-4C4A-8D61-7A8FDC21C873}.Release|Any CPU.Deploy.0 = Release|iPhone
		{CDF5BD57-1768-4C4A-8D61-7A8FDC21C873}.Release|ARM.ActiveCfg = Release|iPhone
		{CDF5BD57-1768-4C4A-8D61-7A8FDC21C873}.Release|ARM.Build.0 = Release|iPhone
		{CDF5BD57-1768-4C4A-8D61-7A8FDC21C873}.Release|ARM.Deploy.0 = Release|iPhone
		{CDF5BD57-1768-4C4A-8D61-7A8FDC21C873}.Release|iPhone.ActiveCfg = Release|iPhone
		{CDF5BD57-1768-4C4A-8D61-7A8FDC21C873}.Release|iPhone.Build.0 = Release|iPhone
		{CDF5BD57-1768-4C4A-8D61-7A8FDC21C873}.Release|iPhone.Deploy.0 = Release|iPhone
		{CDF5BD57-1768-4C4A-8D61-7A8FDC21C873}.Release|iPhoneSimulator.ActiveCfg = Release|iPhoneSimulator
		{CDF5BD57-1768-4C4A-8D61-7A8FDC21C873}.Release|iPhoneSimulator.Build.0 = Release|iPhoneSimulator
		{CDF5BD57-1768-4C4A-8D61-7A8FDC21C873}.Release|iPhoneSimulator.Deploy.0 = Release|iPhoneSimulator
		{CDF5BD57-1768-4C4A-8D61-7A8FDC21C873}.Release|x64.ActiveCfg = Release|iPhone
		{CDF5BD57-1768-4C4A-8D61-7A8FDC21C873}.Release|x64.Build.0 = Release|iPhone
		{CDF5BD57-1768-4C4A-8D61-7A8FDC21C873}.Release|x64.Deploy.0 = Release|iPhone
		{CDF5BD57-1768-4C4A-8D61-7A8FDC21C873}.Release|x86.ActiveCfg = Release|iPhone
		{CDF5BD57-1768-4C4A-8D61-7A8FDC21C873}.Release|x86.Build.0 = Release|iPhone
		{CDF5BD57-1768-4C4A-8D61-7A8FDC21C873}.Release|x86.Deploy.0 = Release|iPhone
		{3F88A50E-5942-4798-8C3F-5B253753766B}.Debug|Any CPU.ActiveCfg = Debug|x86
		{3F88A50E-5942-4798-8C3F-5B253753766B}.Debug|Any CPU.Build.0 = Debug|x86
		{3F88A50E-5942-4798-8C3F-5B253753766B}.Debug|Any CPU.Deploy.0 = Debug|x86
		{3F88A50E-5942-4798-8C3F-5B253753766B}.Debug|ARM.ActiveCfg = Debug|ARM
		{3F88A50E-5942-4798-8C3F-5B253753766B}.Debug|ARM.Build.0 = Debug|ARM
		{3F88A50E-5942-4798-8C3F-5B253753766B}.Debug|ARM.Deploy.0 = Debug|ARM
		{3F88A50E-5942-4798-8C3F-5B253753766B}.Debug|iPhone.ActiveCfg = Debug|x86
		{3F88A50E-5942-4798-8C3F-5B253753766B}.Debug|iPhone.Build.0 = Debug|x86
		{3F88A50E-5942-4798-8C3F-5B253753766B}.Debug|iPhone.Deploy.0 = Debug|x86
		{3F88A50E-5942-4798-8C3F-5B253753766B}.Debug|iPhoneSimulator.ActiveCfg = Debug|x86
		{3F88A50E-5942-4798-8C3F-5B253753766B}.Debug|iPhoneSimulator.Build.0 = Debug|x86
		{3F88A50E-5942-4798-8C3F-5B253753766B}.Debug|iPhoneSimulator.Deploy.0 = Debug|x86
		{3F88A50E-5942-4798-8C3F-5B253753766B}.Debug|x64.ActiveCfg = Debug|x64
		{3F88A50E-5942-4798-8C3F-5B253753766B}.Debug|x64.Build.0 = Debug|x64
		{3F88A50E-5942-4798-8C3F-5B253753766B}.Debug|x64.Deploy.0 = Debug|x64
		{3F88A50E-5942-4798-8C3F-5B253753766B}.Debug|x86.ActiveCfg = Debug|x86
		{3F88A50E-5942-4798-8C3F-5B253753766B}.Debug|x86.Build.0 = Debug|x86
		{3F88A50E-5942-4798-8C3F-5B253753766B}.Debug|x86.Deploy.0 = Debug|x86
		{3F88A50E-5942-4798-8C3F-5B253753766B}.Release|Any CPU.ActiveCfg = Release|x86
		{3F88A50E-5942-4798-8C3F-5B253753766B}.Release|Any CPU.Build.0 = Release|x86
		{3F88A50E-5942-4798-8C3F-5B253753766B}.Release|Any CPU.Deploy.0 = Release|x86
		{3F88A50E-5942-4798-8C3F-5B253753766B}.Release|ARM.ActiveCfg = Release|ARM
		{3F88A50E-5942-4798-8C3F-5B253753766B}.Release|ARM.Build.0 = Release|ARM
		{3F88A50E-5942-4798-8C3F-5B253753766B}.Release|ARM.Deploy.0 = Release|ARM
		{3F88A50E-5942-4798-8C3F-5B253753766B}.Release|iPhone.ActiveCfg = Release|x86
		{3F88A50E-5942-4798-8C3F-5B253753766B}.Release|iPhone.Build.0 = Release|x86
		{3F88A50E-5942-4798-8C3F-5B253753766B}.Release|iPhone.Deploy.0 = Release|x86
		{3F88A50E-5942-4798-8C3F-5B253753766B}.Release|iPhoneSimulator.ActiveCfg = Release|x86
		{3F88A50E-5942-4798-8C3F-5B253753766B}.Release|iPhoneSimulator.Build.0 = Release|x86
		{3F88A50E-5942-4798-8C3F-5B253753766B}.Release|iPhoneSimulator.Deploy.0 = Release|x86
		{3F88A50E-5942-4798-8C3F-5B253753766B}.Release|x64.ActiveCfg = Release|x64
		{3F88A50E-5942-4798-8C3F-5B253753766B}.Release|x64.Build.0 = Release|x64
		{3F88A50E-5942-4798-8C3F-5B253753766B}.Release|x64.Deploy.0 = Release|x64
		{3F88A50E-5942-4798-8C3F-5B253753766B}.Release|x86.ActiveCfg = Release|x86
		{3F88A50E-5942-4798-8C3F-5B253753766B}.Release|x86.Build.0 = Release|x86
		{3F88A50E-5942-4798-8C3F-5B253753766B}.Release|x86.Deploy.0 = Release|x86
		{10E075AA-1D1C-454E-B2E1-839F21CC859A}.Debug|Any CPU.ActiveCfg = Debug|Any CPU
		{10E075AA-1D1C-454E-B2E1-839F21CC859A}.Debug|Any CPU.Build.0 = Debug|Any CPU
		{10E075AA-1D1C-454E-B2E1-839F21CC859A}.Debug|Any CPU.Deploy.0 = Debug|Any CPU
		{10E075AA-1D1C-454E-B2E1-839F21CC859A}.Debug|ARM.ActiveCfg = Debug|Any CPU
		{10E075AA-1D1C-454E-B2E1-839F21CC859A}.Debug|ARM.Build.0 = Debug|Any CPU
		{10E075AA-1D1C-454E-B2E1-839F21CC859A}.Debug|ARM.Deploy.0 = Debug|Any CPU
		{10E075AA-1D1C-454E-B2E1-839F21CC859A}.Debug|iPhone.ActiveCfg = Debug|Any CPU
		{10E075AA-1D1C-454E-B2E1-839F21CC859A}.Debug|iPhone.Build.0 = Debug|Any CPU
		{10E075AA-1D1C-454E-B2E1-839F21CC859A}.Debug|iPhone.Deploy.0 = Debug|Any CPU
		{10E075AA-1D1C-454E-B2E1-839F21CC859A}.Debug|iPhoneSimulator.ActiveCfg = Debug|Any CPU
		{10E075AA-1D1C-454E-B2E1-839F21CC859A}.Debug|iPhoneSimulator.Build.0 = Debug|Any CPU
		{10E075AA-1D1C-454E-B2E1-839F21CC859A}.Debug|iPhoneSimulator.Deploy.0 = Debug|Any CPU
		{10E075AA-1D1C-454E-B2E1-839F21CC859A}.Debug|x64.ActiveCfg = Debug|Any CPU
		{10E075AA-1D1C-454E-B2E1-839F21CC859A}.Debug|x64.Build.0 = Debug|Any CPU
		{10E075AA-1D1C-454E-B2E1-839F21CC859A}.Debug|x64.Deploy.0 = Debug|Any CPU
		{10E075AA-1D1C-454E-B2E1-839F21CC859A}.Debug|x86.ActiveCfg = Debug|Any CPU
		{10E075AA-1D1C-454E-B2E1-839F21CC859A}.Debug|x86.Build.0 = Debug|Any CPU
		{10E075AA-1D1C-454E-B2E1-839F21CC859A}.Debug|x86.Deploy.0 = Debug|Any CPU
		{10E075AA-1D1C-454E-B2E1-839F21CC859A}.Release|Any CPU.ActiveCfg = Release|Any CPU
		{10E075AA-1D1C-454E-B2E1-839F21CC859A}.Release|Any CPU.Build.0 = Release|Any CPU
		{10E075AA-1D1C-454E-B2E1-839F21CC859A}.Release|Any CPU.Deploy.0 = Release|Any CPU
		{10E075AA-1D1C-454E-B2E1-839F21CC859A}.Release|ARM.ActiveCfg = Release|Any CPU
		{10E075AA-1D1C-454E-B2E1-839F21CC859A}.Release|ARM.Build.0 = Release|Any CPU
		{10E075AA-1D1C-454E-B2E1-839F21CC859A}.Release|ARM.Deploy.0 = Release|Any CPU
		{10E075AA-1D1C-454E-B2E1-839F21CC859A}.Release|iPhone.ActiveCfg = Release|Any CPU
		{10E075AA-1D1C-454E-B2E1-839F21CC859A}.Release|iPhone.Build.0 = Release|Any CPU
		{10E075AA-1D1C-454E-B2E1-839F21CC859A}.Release|iPhone.Deploy.0 = Release|Any CPU
		{10E075AA-1D1C-454E-B2E1-839F21CC859A}.Release|iPhoneSimulator.ActiveCfg = Release|Any CPU
		{10E075AA-1D1C-454E-B2E1-839F21CC859A}.Release|iPhoneSimulator.Build.0 = Release|Any CPU
		{10E075AA-1D1C-454E-B2E1-839F21CC859A}.Release|iPhoneSimulator.Deploy.0 = Release|Any CPU
		{10E075AA-1D1C-454E-B2E1-839F21CC859A}.Release|x64.ActiveCfg = Release|Any CPU
		{10E075AA-1D1C-454E-B2E1-839F21CC859A}.Release|x64.Build.0 = Release|Any CPU
		{10E075AA-1D1C-454E-B2E1-839F21CC859A}.Release|x64.Deploy.0 = Release|Any CPU
		{10E075AA-1D1C-454E-B2E1-839F21CC859A}.Release|x86.ActiveCfg = Release|Any CPU
		{10E075AA-1D1C-454E-B2E1-839F21CC859A}.Release|x86.Build.0 = Release|Any CPU
		{10E075AA-1D1C-454E-B2E1-839F21CC859A}.Release|x86.Deploy.0 = Release|Any CPU
	EndGlobalSection
	GlobalSection(SolutionProperties) = preSolution
		HideSolutionNode = FALSE
	EndGlobalSection
	GlobalSection(ExtensibilityGlobals) = postSolution
		SolutionGuid = {06687905-4945-4A38-87E0-7E1D42BDBC5D}
	EndGlobalSection
EndGlobal
